
Microsoft Visual Studio Solution File, Format Version 10.00
# Visual C# Express 2008
Project("{FAE04EC0-301F-11D3-BF4B-00C04F79EFBC}") = "ollys1", "ollys1.csproj", "{5F214387-EBA5-41CB-8473-8BA15F1F79BF}"
EndProject
Global
	GlobalSection(SolutionConfigurationPlatforms) = preSolution
		Debug|Any CPU = Debug|Any CPU
		Release|Any CPU = Release|Any CPU
	EndGlobalSection
	GlobalSection(ProjectConfigurationPlatforms) = postSolution
		{5F214387-EBA5-41CB-8473-8BA15F1F79BF}.Debug|Any CPU.ActiveCfg = Debug|Any CPU
		{5F214387-EBA5-41CB-8473-8BA15F1F79BF}.Debug|Any CPU.Build.0 = Debug|Any CPU
		{5F214387-EBA5-41CB-8473-8BA15F1F79BF}.Release|Any CPU.ActiveCfg = Release|Any CPU
		{5F214387-EBA5-41CB-8473-8BA15F1F79BF}.Release|Any CPU.Build.0 = Release|Any CPU
	EndGlobalSection
	GlobalSection(SolutionProperties) = preSolution
		HideSolutionNode = FALSE
	EndGlobalSection
EndGlobal
