
Microsoft Visual Studio Solution File, Format Version 10.00
# Visual C++ Express 2008
Project("{8BC9CEB8-8B4A-11D0-8D11-00A0C91BC942}") = "Video", "Video.vcproj", "{D47EA44E-DFF9-41CF-A0F4-076CA11D7FC5}"
EndProject
Project("{8BC9CEB8-8B4A-11D0-8D11-00A0C91BC942}") = "png", "png\png.vcproj", "{EFE90851-D7BC-4AD4-AF3D-C1CBDD85F9FB}"
EndProject
Global
	GlobalSection(SolutionConfigurationPlatforms) = preSolution
		Debug|Win32 = Debug|Win32
		Release|Win32 = Release|Win32
	EndGlobalSection
	GlobalSection(ProjectConfigurationPlatforms) = postSolution
		{D47EA44E-DFF9-41CF-A0F4-076CA11D7FC5}.Debug|Win32.ActiveCfg = Debug|Win32
		{D47EA44E-DFF9-41CF-A0F4-076CA11D7FC5}.Debug|Win32.Build.0 = Debug|Win32
		{D47EA44E-DFF9-41CF-A0F4-076CA11D7FC5}.Release|Win32.ActiveCfg = Release|Win32
		{D47EA44E-DFF9-41CF-A0F4-076CA11D7FC5}.Release|Win32.Build.0 = Release|Win32
		{EFE90851-D7BC-4AD4-AF3D-C1CBDD85F9FB}.Debug|Win32.ActiveCfg = Debug|Win32
		{EFE90851-D7BC-4AD4-AF3D-C1CBDD85F9FB}.Debug|Win32.Build.0 = Debug|Win32
		{EFE90851-D7BC-4AD4-AF3D-C1CBDD85F9FB}.Release|Win32.ActiveCfg = Release|Win32
		{EFE90851-D7BC-4AD4-AF3D-C1CBDD85F9FB}.Release|Win32.Build.0 = Release|Win32
	EndGlobalSection
	GlobalSection(SolutionProperties) = preSolution
		HideSolutionNode = FALSE
	EndGlobalSection
EndGlobal
